// !$*UTF8*$!
{
	archiveVersion = 1;
	classes = {
	};
	objectVersion = 77;
	objects = {

/* Begin PBXBuildFile section */
		BC59A6B12FA17E0000966196 /* DesignReference/Assets/Pannotate_app_icon_1024_new_Glass.icon in Resources */ = {isa = PBXBuildFile; fileRef = BC59A6B02FA17E0000966196 /* DesignReference/Assets/Pannotate_app_icon_1024_new_Glass.icon */; };
/* End PBXBuildFile section */

/* Begin PBXContainerItemProxy section */
		BC59A68D2F9B689500966196 /* PBXContainerItemProxy */ = {
			isa = PBXContainerItemProxy;
			containerPortal = BC59A6772F9B689300966196 /* Project object */;
			proxyType = 1;
			remoteGlobalIDString = BC59A67E2F9B689300966196;
			remoteInfo = "Pannotate-iOS";
		};
		BC59A6972F9B689500966196 /* PBXContainerItemProxy */ = {
			isa = PBXContainerItemProxy;
			containerPortal = BC59A6772F9B689300966196 /* Project object */;
			proxyType = 1;
			remoteGlobalIDString = BC59A67E2F9B689300966196;
			remoteInfo = "Pannotate-iOS";
		};
/* End PBXContainerItemProxy section */

/* Begin PBXFileReference section */
		BC59A67F2F9B689300966196 /* Pannotate-iOS.app */ = {isa = PBXFileReference; explicitFileType = wrapper.application; includeInIndex = 0; path = "Pannotate-iOS.app"; sourceTree = BUILT_PRODUCTS_DIR; };
		BC59A68C2F9B689500966196 /* Pannotate-iOSTests.xctest */ = {isa = PBXFileReference; explicitFileType = wrapper.cfbundle; includeInIndex = 0; path = "Pannotate-iOSTests.xctest"; sourceTree = BUILT_PRODUCTS_DIR; };
		BC59A6962F9B689500966196 /* Pannotate-iOSUITests.xctest */ = {isa = PBXFileReference; explicitFileType = wrapper.cfbundle; includeInIndex = 0; path = "Pannotate-iOSUITests.xctest"; sourceTree = BUILT_PRODUCTS_DIR; };
		BC59A6B02FA17E0000966196 /* DesignReference/Assets/Pannotate_app_icon_1024_new_Glass.icon */ = {isa = PBXFileReference; lastKnownFileType = folder.iconcomposer.icon; path = DesignReference/Assets/Pannotate_app_icon_1024_new_Glass.icon; sourceTree = "<group>"; };
/* End PBXFileReference section */

/* Begin PBXFileSystemSynchronizedRootGroup section */
		BC59A6812F9B689300966196 /* Pannotate-iOS */ = {
			isa = PBXFileSystemSynchronizedRootGroup;
			path = "Pannotate-iOS";
			sourceTree = "<group>";
		};
		BC59A68F2F9B689500966196 /* Pannotate-iOSTests */ = {
			isa = PBXFileSystemSynchronizedRootGroup;
			path = "Pannotate-iOSTests";
			sourceTree = "<group>";
		};
		BC59A6992F9B689500966196 /* Pannotate-iOSUITests */ = {
			isa = PBXFileSystemSynchronizedRootGroup;
			path = "Pannotate-iOSUITests";
			sourceTree = "<group>";
		};
/* End PBXFileSystemSynchronizedRootGroup section */

/* Begin PBXFrameworksBuildPhase section */
		BC59A67C2F9B689300966196 /* Frameworks */ = {
			isa = PBXFrameworksBuildPhase;
			buildActionMask = 2147483647;
			files = (
			);
			runOnlyForDeploymentPostprocessing = 0;
		};
		BC59A6892F9B689500966196 /* Frameworks */ = {
			isa = PBXFrameworksBuildPhase;
			buildActionMask = 2147483647;
			files = (
			);
			runOnlyForDeploymentPostprocessing = 0;
		};
		BC59A6932F9B689500966196 /* Frameworks */ = {
			isa = PBXFrameworksBuildPhase;
			buildActionMask = 2147483647;
			files = (
			);
			runOnlyForDeploymentPostprocessing = 0;
		};
/* End PBXFrameworksBuildPhase section */

/* Begin PBXGroup section */
		BC59A6762F9B689300966196 = {
			isa = PBXGroup;
			children = (
				BC59A6812F9B689300966196 /* Pannotate-iOS */,
				BC59A6B02FA17E0000966196 /* DesignReference/Assets/Pannotate_app_icon_1024_new_Glass.icon */,
				BC59A68F2F9B689500966196 /* Pannotate-iOSTests */,
				BC59A6992F9B689500966196 /* Pannotate-iOSUITests */,
				BC59A6802F9B689300966196 /* Products */,
			);
			sourceTree = "<group>";
		};
		BC59A6802F9B689300966196 /* Products */ = {
			isa = PBXGroup;
			children = (
				BC59A67F2F9B689300966196 /* Pannotate-iOS.app */,
				BC59A68C2F9B689500966196 /* Pannotate-iOSTests.xctest */,
				BC59A6962F9B689500966196 /* Pannotate-iOSUITests.xctest */,
			);
			name = Products;
			sourceTree = "<group>";
		};
/* End PBXGroup section */

/* Begin PBXNativeTarget section */
		BC59A67E2F9B689300966196 /* Pannotate-iOS */ = {
			isa = PBXNativeTarget;
			buildConfigurationList = BC59A6A02F9B689500966196 /* Build configuration list for PBXNativeTarget "Pannotate-iOS" */;
			buildPhases = (
				BC59A67B2F9B689300966196 /* Sources */,
				BC59A67C2F9B689300966196 /* Frameworks */,
				BC59A67D2F9B689300966196 /* Resources */,
			);
			buildRules = (
			);
			dependencies = (
			);
			fileSystemSynchronizedGroups = (
				BC59A6812F9B689300966196 /* Pannotate-iOS */,
			);
			name = "Pannotate-iOS";
			packageProductDependencies = (
			);
			productName = "Pannotate-iOS";
			productReference = BC59A67F2F9B689300966196 /* Pannotate-iOS.app */;
			productType = "com.apple.product-type.application";
		};
		BC59A68B2F9B689500966196 /* Pannotate-iOSTests */ = {
			isa = PBXNativeTarget;
			buildConfigurationList = BC59A6A32F9B689500966196 /* Build configuration list for PBXNativeTarget "Pannotate-iOSTests" */;
			buildPhases = (
				BC59A6882F9B689500966196 /* Sources */,
				BC59A6892F9B689500966196 /* Frameworks */,
				BC59A68A2F9B689500966196 /* Resources */,
			);
			buildRules = (
			);
			dependencies = (
				BC59A68E2F9B689500966196 /* PBXTargetDependency */,
			);
			fileSystemSynchronizedGroups = (
				BC59A68F2F9B689500966196 /* Pannotate-iOSTests */,
			);
			name = "Pannotate-iOSTests";
			packageProductDependencies = (
			);
			productName = "Pannotate-iOSTests";
			productReference = BC59A68C2F9B689500966196 /* Pannotate-iOSTests.xctest */;
			productType = "com.apple.product-type.bundle.unit-test";
		};
		BC59A6952F9B689500966196 /* Pannotate-iOSUITests */ = {
			isa = PBXNativeTarget;
			buildConfigurationList = BC59A6A62F9B689500966196 /* Build configuration list for PBXNativeTarget "Pannotate-iOSUITests" */;
			buildPhases = (
				BC59A6922F9B689500966196 /* Sources */,
				BC59A6932F9B689500966196 /* Frameworks */,
				BC59A6942F9B689500966196 /* Resources */,
			);
			buildRules = (
			);
			dependencies = (
				BC59A6982F9B689500966196 /* PBXTargetDependency */,
			);
			fileSystemSynchronizedGroups = (
				BC59A6992F9B689500966196 /* Pannotate-iOSUITests */,
			);
			name = "Pannotate-iOSUITests";
			packageProductDependencies = (
			);
			productName = "Pannotate-iOSUITests";
			productReference = BC59A6962F9B689500966196 /* Pannotate-iOSUITests.xctest */;
			productType = "com.apple.product-type.bundle.ui-testing";
		};
/* End PBXNativeTarget section */

/* Begin PBXProject section */
		BC59A6772F9B689300966196 /* Project object */ = {
			isa = PBXProject;
			attributes = {
				BuildIndependentTargetsInParallel = 1;
				LastSwiftUpdateCheck = 2640;
				LastUpgradeCheck = 2640;
				TargetAttributes = {
					BC59A67E2F9B689300966196 = {
						CreatedOnToolsVersion = 26.4.1;
					};
					BC59A68B2F9B689500966196 = {
						CreatedOnToolsVersion = 26.4.1;
						TestTargetID = BC59A67E2F9B689300966196;
					};
					BC59A6952F9B689500966196 = {
						CreatedOnToolsVersion = 26.4.1;
						TestTargetID = BC59A67E2F9B689300966196;
					};
				};
			};
			buildConfigurationList = BC59A67A2F9B689300966196 /* Build configuration list for PBXProject "Pannotate-iOS" */;
			developmentRegion = en;
			hasScannedForEncodings = 0;
			knownRegions = (
				en,
				"zh-Hans",
				Base,
			);
			mainGroup = BC59A6762F9B689300966196;
			minimizedProjectReferenceProxies = 1;
			preferredProjectObjectVersion = 77;
			productRefGroup = BC59A6802F9B689300966196 /* Products */;
			projectDirPath = "";
			projectRoot = "";
			targets = (
				BC59A67E2F9B689300966196 /* Pannotate-iOS */,
				BC59A68B2F9B689500966196 /* Pannotate-iOSTests */,
				BC59A6952F9B689500966196 /* Pannotate-iOSUITests */,
			);
		};
/* End PBXProject section */

/* Begin PBXResourcesBuildPhase section */
		BC59A67D2F9B689300966196 /* Resources */ = {
			isa = PBXResourcesBuildPhase;
			buildActionMask = 2147483647;
			files = (
				BC59A6B12FA17E0000966196 /* DesignReference/Assets/Pannotate_app_icon_1024_new_Glass.icon in Resources */,
			);
			runOnlyForDeploymentPostprocessing = 0;
		};
		BC59A68A2F9B689500966196 /* Resources */ = {
			isa = PBXResourcesBuildPhase;
			buildActionMask = 2147483647;
			files = (
			);
			runOnlyForDeploymentPostprocessing = 0;
		};
		BC59A6942F9B689500966196 /* Resources */ = {
			isa = PBXResourcesBuildPhase;
			buildActionMask = 2147483647;
			files = (
			);
			runOnlyForDeploymentPostprocessing = 0;
		};
/* End PBXResourcesBuildPhase section */

/* Begin PBXSourcesBuildPhase section */
		BC59A67B2F9B689300966196 /* Sources */ = {
			isa = PBXSourcesBuildPhase;
			buildActionMask = 2147483647;
			files = (
			);
			runOnlyForDeploymentPostprocessing = 0;
		};
		BC59A6882F9B689500966196 /* Sources */ = {
			isa = PBXSourcesBuildPhase;
			buildActionMask = 2147483647;
			files = (
			);
			runOnlyForDeploymentPostprocessing = 0;
		};
		BC59A6922F9B689500966196 /* Sources */ = {
			isa = PBXSourcesBuildPhase;
			buildActionMask = 2147483647;
			files = (
			);
			runOnlyForDeploymentPostprocessing = 0;
		};
/* End PBXSourcesBuildPhase section */

/* Begin PBXTargetDependency section */
		BC59A68E2F9B689500966196 /* PBXTargetDependency */ = {
			isa = PBXTargetDependency;
			target = BC59A67E2F9B689300966196 /* Pannotate-iOS */;
			targetProxy = BC59A68D2F9B689500966196 /* PBXContainerItemProxy */;
		};
		BC59A6982F9B689500966196 /* PBXTargetDependency */ = {
			isa = PBXTargetDependency;
			target = BC59A67E2F9B689300966196 /* Pannotate-iOS */;
			targetProxy = BC59A6972F9B689500966196 /* PBXContainerItemProxy */;
		};
/* End PBXTargetDependency section */

/* Begin XCBuildConfiguration section */
		BC59A69E2F9B689500966196 /* Debug */ = {
			isa = XCBuildConfiguration;
			buildSettings = {
				ALWAYS_SEARCH_USER_PATHS = NO;
				ASSETCATALOG_COMPILER_GENERATE_SWIFT_ASSET_SYMBOL_EXTENSIONS = YES;
				CLANG_ANALYZER_NONNULL = YES;
				CLANG_ANALYZER_NUMBER_OBJECT_CONVERSION = YES_AGGRESSIVE;
				CLANG_CXX_LANGUAGE_STANDARD = "gnu++20";
				CLANG_ENABLE_MODULES = YES;
				CLANG_ENABLE_OBJC_ARC = YES;
				CLANG_ENABLE_OBJC_WEAK = YES;
				CLANG_WARN_BLOCK_CAPTURE_AUTORELEASING = YES;
				CLANG_WARN_BOOL_CONVERSION = YES;
				CLANG_WARN_COMMA = YES;
				CLANG_WARN_CONSTANT_CONVERSION = YES;
				CLANG_WARN_DEPRECATED_OBJC_IMPLEMENTATIONS = YES;
				CLANG_WARN_DIRECT_OBJC_ISA_USAGE = YES_ERROR;
				CLANG_WARN_DOCUMENTATION_COMMENTS = YES;
				CLANG_WARN_EMPTY_BODY = YES;
				CLANG_WARN_ENUM_CONVERSION = YES;
				CLANG_WARN_INFINITE_RECURSION = YES;
				CLANG_WARN_INT_CONVERSION = YES;
				CLANG_WARN_NON_LITERAL_NULL_CONVERSION = YES;
				CLANG_WARN_OBJC_IMPLICIT_RETAIN_SELF = YES;
				CLANG_WARN_OBJC_LITERAL_CONVERSION = YES;
				CLANG_WARN_OBJC_ROOT_CLASS = YES_ERROR;
				CLANG_WARN_QUOTED_INCLUDE_IN_FRAMEWORK_HEADER = YES;
				CLANG_WARN_RANGE_LOOP_ANALYSIS = YES;
				CLANG_WARN_STRICT_PROTOTYPES = YES;
				CLANG_WARN_SUSPICIOUS_MOVE = YES;
				CLANG_WARN_UNGUARDED_AVAILABILITY = YES_AGGRESSIVE;
				CLANG_WARN_UNREACHABLE_CODE = YES;
				CLANG_WARN__DUPLICATE_METHOD_MATCH = YES;
				COPY_PHASE_STRIP = NO;
				DEBUG_INFORMATION_FORMAT = dwarf;
				DEVELOPMENT_TEAM = 263GLM8KQV;
				ENABLE_STRICT_OBJC_MSGSEND = YES;
				ENABLE_TESTABILITY = YES;
				ENABLE_USER_SCRIPT_SANDBOXING = YES;
				GCC_C_LANGUAGE_STANDARD = gnu17;
				GCC_DYNAMIC_NO_PIC = NO;
				GCC_NO_COMMON_BLOCKS = YES;
				GCC_OPTIMIZATION_LEVEL = 0;
				GCC_PREPROCESSOR_DEFINITIONS = (
					"DEBUG=1",
					"$(inherited)",
				);
				GCC_WARN_64_TO_32_BIT_CONVERSION = YES;
				GCC_WARN_ABOUT_RETURN_TYPE = YES_ERROR;
				GCC_WARN_UNDECLARED_SELECTOR = YES;
				GCC_WARN_UNINITIALIZED_AUTOS = YES_AGGRESSIVE;
				GCC_WARN_UNUSED_FUNCTION = YES;
				GCC_WARN_UNUSED_VARIABLE = YES;
				IPHONEOS_DEPLOYMENT_TARGET = 26.4;
				LOCALIZATION_PREFERS_STRING_CATALOGS = YES;
				MTL_ENABLE_DEBUG_INFO = INCLUDE_SOURCE;
				MTL_FAST_MATH = YES;
				ONLY_ACTIVE_ARCH = YES;
				SDKROOT = iphoneos;
				SWIFT_ACTIVE_COMPILATION_CONDITIONS = "DEBUG $(inherited)";
				SWIFT_OPTIMIZATION_LEVEL = "-Onone";
			};
			name = Debug;
		};
		BC59A69F2F9B689500966196 /* Release */ = {
			isa = XCBuildConfiguration;
			buildSettings = {
				ALWAYS_SEARCH_USER_PATHS = NO;
				ASSETCATALOG_COMPILER_GENERATE_SWIFT_ASSET_SYMBOL_EXTENSIONS = YES;
				CLANG_ANALYZER_NONNULL = YES;
				CLANG_ANALYZER_NUMBER_OBJECT_CONVERSION = YES_AGGRESSIVE;
				CLANG_CXX_LANGUAGE_STANDARD = "gnu++20";
				CLANG_ENABLE_MODULES = YES;
				CLANG_ENABLE_OBJC_ARC = YES;
				CLANG_ENABLE_OBJC_WEAK = YES;
				CLANG_WARN_BLOCK_CAPTURE_AUTORELEASING = YES;
				CLANG_WARN_BOOL_CONVERSION = YES;
				CLANG_WARN_COMMA = YES;
				CLANG_WARN_CONSTANT_CONVERSION = YES;
				CLANG_WARN_DEPRECATED_OBJC_IMPLEMENTATIONS = YES;
				CLANG_WARN_DIRECT_OBJC_ISA_USAGE = YES_ERROR;
				CLANG_WARN_DOCUMENTATION_COMMENTS = YES;
				CLANG_WARN_EMPTY_BODY = YES;
				CLANG_WARN_ENUM_CONVERSION = YES;
				CLANG_WARN_INFINITE_RECURSION = YES;
				CLANG_WARN_INT_CONVERSION = YES;
				CLANG_WARN_NON_LITERAL_NULL_CONVERSION = YES;
				CLANG_WARN_OBJC_IMPLICIT_RETAIN_SELF = YES;
				CLANG_WARN_OBJC_LITERAL_CONVERSION = YES;
				CLANG_WARN_OBJC_ROOT_CLASS = YES_ERROR;
				CLANG_WARN_QUOTED_INCLUDE_IN_FRAMEWORK_HEADER = YES;
				CLANG_WARN_RANGE_LOOP_ANALYSIS = YES;
				CLANG_WARN_STRICT_PROTOTYPES = YES;
				CLANG_WARN_SUSPICIOUS_MOVE = YES;
				CLANG_WARN_UNGUARDED_AVAILABILITY = YES_AGGRESSIVE;
				CLANG_WARN_UNREACHABLE_CODE = YES;
				CLANG_WARN__DUPLICATE_METHOD_MATCH = YES;
				COPY_PHASE_STRIP = NO;
				DEBUG_INFORMATION_FORMAT = "dwarf-with-dsym";
				DEVELOPMENT_TEAM = 263GLM8KQV;
				ENABLE_NS_ASSERTIONS = NO;
				ENABLE_STRICT_OBJC_MSGSEND = YES;
				ENABLE_USER_SCRIPT_SANDBOXING = YES;
				GCC_C_LANGUAGE_STANDARD = gnu17;
				GCC_NO_COMMON_BLOCKS = YES;
				GCC_WARN_64_TO_32_BIT_CONVERSION = YES;
				GCC_WARN_ABOUT_RETURN_TYPE = YES_ERROR;
				GCC_WARN_UNDECLARED_SELECTOR = YES;
				GCC_WARN_UNINITIALIZED_AUTOS = YES_AGGRESSIVE;
				GCC_WARN_UNUSED_FUNCTION = YES;
				GCC_WARN_UNUSED_VARIABLE = YES;
				IPHONEOS_DEPLOYMENT_TARGET = 26.4;
				LOCALIZATION_PREFERS_STRING_CATALOGS = YES;
				MTL_ENABLE_DEBUG_INFO = NO;
				MTL_FAST_MATH = YES;
				SDKROOT = iphoneos;
				SWIFT_COMPILATION_MODE = wholemodule;
				VALIDATE_PRODUCT = YES;
			};
			name = Release;
		};
		BC59A6A12F9B689500966196 /* Debug */ = {
			isa = XCBuildConfiguration;
			buildSettings = {
				ASSETCATALOG_COMPILER_APPICON_NAME = Pannotate_app_icon_1024_new_Glass;
				ASSETCATALOG_COMPILER_GLOBAL_ACCENT_COLOR_NAME = AccentColor;
				CODE_SIGN_STYLE = Automatic;
				CURRENT_PROJECT_VERSION = 1;
				DEVELOPMENT_TEAM = 263GLM8KQV;
				ENABLE_PREVIEWS = YES;
				GENERATE_INFOPLIST_FILE = YES;
				INFOPLIST_KEY_CFBundleDisplayName = Pannotate;
				INFOPLIST_KEY_CFBundleIconName = Pannotate_app_icon_1024_new_Glass;
				INFOPLIST_KEY_LSApplicationCategoryType = "public.app-category.photography";
				INFOPLIST_KEY_UIApplicationSceneManifest_Generation = YES;
				INFOPLIST_KEY_UIApplicationSupportsIndirectInputEvents = YES;
				INFOPLIST_KEY_UILaunchScreen_Generation = YES;
				INFOPLIST_KEY_UISupportedInterfaceOrientations_iPad = "UIInterfaceOrientationPortrait UIInterfaceOrientationPortraitUpsideDown UIInterfaceOrientationLandscapeLeft UIInterfaceOrientationLandscapeRight";
				INFOPLIST_KEY_UISupportedInterfaceOrientations_iPhone = "UIInterfaceOrientationPortrait UIInterfaceOrientationLandscapeLeft UIInterfaceOrientationLandscapeRight";
				IPHONEOS_DEPLOYMENT_TARGET = 26.0;
				LD_RUNPATH_SEARCH_PATHS = (
					"$(inherited)",
					"@executable_path/Frameworks",
				);
				MARKETING_VERSION = 2.1.2;
				PRODUCT_BUNDLE_IDENTIFIER = "com.davidwoo.Pannotate-iOS";
				PRODUCT_NAME = "$(TARGET_NAME)";
				STRING_CATALOG_GENERATE_SYMBOLS = YES;
				SUPPORTED_PLATFORMS = "iphoneos iphonesimulator";
				SUPPORTS_MACCATALYST = NO;
				SUPPORTS_MAC_DESIGNED_FOR_IPHONE_IPAD = NO;
				SUPPORTS_XR_DESIGNED_FOR_IPHONE_IPAD = NO;
				SWIFT_APPROACHABLE_CONCURRENCY = YES;
				SWIFT_DEFAULT_ACTOR_ISOLATION = MainActor;
				SWIFT_EMIT_LOC_STRINGS = YES;
				SWIFT_UPCOMING_FEATURE_MEMBER_IMPORT_VISIBILITY = YES;
				SWIFT_VERSION = 5.0;
				TARGETED_DEVICE_FAMILY = 1;
			};
			name = Debug;
		};
		BC59A6A22F9B689500966196 /* Release */ = {
			isa = XCBuildConfiguration;
			buildSettings = {
				ASSETCATALOG_COMPILER_APPICON_NAME = Pannotate_app_icon_1024_new_Glass;
				ASSETCATALOG_COMPILER_GLOBAL_ACCENT_COLOR_NAME = AccentColor;
				CODE_SIGN_STYLE = Automatic;
				CURRENT_PROJECT_VERSION = 1;
				DEVELOPMENT_TEAM = 263GLM8KQV;
				ENABLE_PREVIEWS = YES;
				GENERATE_INFOPLIST_FILE = YES;
				INFOPLIST_KEY_CFBundleDisplayName = Pannotate;
				INFOPLIST_KEY_CFBundleIconName = Pannotate_app_icon_1024_new_Glass;
				INFOPLIST_KEY_LSApplicationCategoryType = "public.app-category.photography";
				INFOPLIST_KEY_UIApplicationSceneManifest_Generation = YES;
				INFOPLIST_KEY_UIApplicationSupportsIndirectInputEvents = YES;
				INFOPLIST_KEY_UILaunchScreen_Generation = YES;
				INFOPLIST_KEY_UISupportedInterfaceOrientations_iPad = "UIInterfaceOrientationPortrait UIInterfaceOrientationPortraitUpsideDown UIInterfaceOrientationLandscapeLeft UIInterfaceOrientationLandscapeRight";
				INFOPLIST_KEY_UISupportedInterfaceOrientations_iPhone = "UIInterfaceOrientationPortrait UIInterfaceOrientationLandscapeLeft UIInterfaceOrientationLandscapeRight";
				IPHONEOS_DEPLOYMENT_TARGET = 26.0;
				LD_RUNPATH_SEARCH_PATHS = (
					"$(inherited)",
					"@executable_path/Frameworks",
				);
				MARKETING_VERSION = 2.1.2;
				PRODUCT_BUNDLE_IDENTIFIER = "com.davidwoo.Pannotate-iOS";
				PRODUCT_NAME = "$(TARGET_NAME)";
				STRING_CATALOG_GENERATE_SYMBOLS = YES;
				SUPPORTED_PLATFORMS = "iphoneos iphonesimulator";
				SUPPORTS_MACCATALYST = NO;
				SUPPORTS_MAC_DESIGNED_FOR_IPHONE_IPAD = NO;
				SUPPORTS_XR_DESIGNED_FOR_IPHONE_IPAD = NO;
				SWIFT_APPROACHABLE_CONCURRENCY = YES;
				SWIFT_DEFAULT_ACTOR_ISOLATION = MainActor;
				SWIFT_EMIT_LOC_STRINGS = YES;
				SWIFT_UPCOMING_FEATURE_MEMBER_IMPORT_VISIBILITY = YES;
				SWIFT_VERSION = 5.0;
				TARGETED_DEVICE_FAMILY = 1;
			};
			name = Release;
		};
		BC59A6A42F9B689500966196 /* Debug */ = {
			isa = XCBuildConfiguration;
			buildSettings = {
				BUNDLE_LOADER = "$(TEST_HOST)";
				CODE_SIGN_STYLE = Automatic;
				CURRENT_PROJECT_VERSION = 1;
				DEVELOPMENT_TEAM = 263GLM8KQV;
				GENERATE_INFOPLIST_FILE = YES;
				IPHONEOS_DEPLOYMENT_TARGET = 26.4;
				MARKETING_VERSION = 1.0;
				PRODUCT_BUNDLE_IDENTIFIER = "com.davidwoo.Pannotate-iOSTests";
				PRODUCT_NAME = "$(TARGET_NAME)";
				STRING_CATALOG_GENERATE_SYMBOLS = NO;
				SWIFT_APPROACHABLE_CONCURRENCY = YES;
				SWIFT_EMIT_LOC_STRINGS = NO;
				SWIFT_UPCOMING_FEATURE_MEMBER_IMPORT_VISIBILITY = YES;
				SWIFT_VERSION = 5.0;
				TARGETED_DEVICE_FAMILY = "1,2";
				TEST_HOST = "$(BUILT_PRODUCTS_DIR)/Pannotate-iOS.app/$(BUNDLE_EXECUTABLE_FOLDER_PATH)/Pannotate-iOS";
			};
			name = Debug;
		};
		BC59A6A52F9B689500966196 /* Release */ = {
			isa = XCBuildConfiguration;
			buildSettings = {
				BUNDLE_LOADER = "$(TEST_HOST)";
				CODE_SIGN_STYLE = Automatic;
				CURRENT_PROJECT_VERSION = 1;
				DEVELOPMENT_TEAM = 263GLM8KQV;
				GENERATE_INFOPLIST_FILE = YES;
				IPHONEOS_DEPLOYMENT_TARGET = 26.4;
				MARKETING_VERSION = 1.0;
				PRODUCT_BUNDLE_IDENTIFIER = "com.davidwoo.Pannotate-iOSTests";
				PRODUCT_NAME = "$(TARGET_NAME)";
				STRING_CATALOG_GENERATE_SYMBOLS = NO;
				SWIFT_APPROACHABLE_CONCURRENCY = YES;
				SWIFT_EMIT_LOC_STRINGS = NO;
				SWIFT_UPCOMING_FEATURE_MEMBER_IMPORT_VISIBILITY = YES;
				SWIFT_VERSION = 5.0;
				TARGETED_DEVICE_FAMILY = "1,2";
				TEST_HOST = "$(BUILT_PRODUCTS_DIR)/Pannotate-iOS.app/$(BUNDLE_EXECUTABLE_FOLDER_PATH)/Pannotate-iOS";
			};
			name = Release;
		};
		BC59A6A72F9B689500966196 /* Debug */ = {
			isa = XCBuildConfiguration;
			buildSettings = {
				CODE_SIGN_STYLE = Automatic;
				CURRENT_PROJECT_VERSION = 1;
				DEVELOPMENT_TEAM = 263GLM8KQV;
				GENERATE_INFOPLIST_FILE = YES;
				MARKETING_VERSION = 1.0;
				PRODUCT_BUNDLE_IDENTIFIER = "com.davidwoo.Pannotate-iOSUITests";
				PRODUCT_NAME = "$(TARGET_NAME)";
				STRING_CATALOG_GENERATE_SYMBOLS = NO;
				SWIFT_APPROACHABLE_CONCURRENCY = YES;
				SWIFT_EMIT_LOC_STRINGS = NO;
				SWIFT_UPCOMING_FEATURE_MEMBER_IMPORT_VISIBILITY = YES;
				SWIFT_VERSION = 5.0;
				TARGETED_DEVICE_FAMILY = "1,2";
				TEST_TARGET_NAME = "Pannotate-iOS";
			};
			name = Debug;
		};
		BC59A6A82F9B689500966196 /* Release */ = {
			isa = XCBuildConfiguration;
			buildSettings = {
				CODE_SIGN_STYLE = Automatic;
				CURRENT_PROJECT_VERSION = 1;
				DEVELOPMENT_TEAM = 263GLM8KQV;
				GENERATE_INFOPLIST_FILE = YES;
				MARKETING_VERSION = 1.0;
				PRODUCT_BUNDLE_IDENTIFIER = "com.davidwoo.Pannotate-iOSUITests";
				PRODUCT_NAME = "$(TARGET_NAME)";
				STRING_CATALOG_GENERATE_SYMBOLS = NO;
				SWIFT_APPROACHABLE_CONCURRENCY = YES;
				SWIFT_EMIT_LOC_STRINGS = NO;
				SWIFT_UPCOMING_FEATURE_MEMBER_IMPORT_VISIBILITY = YES;
				SWIFT_VERSION = 5.0;
				TARGETED_DEVICE_FAMILY = "1,2";
				TEST_TARGET_NAME = "Pannotate-iOS";
			};
			name = Release;
		};
/* End XCBuildConfiguration section */

/* Begin XCConfigurationList section */
		BC59A67A2F9B689300966196 /* Build configuration list for PBXProject "Pannotate-iOS" */ = {
			isa = XCConfigurationList;
			buildConfigurations = (
				BC59A69E2F9B689500966196 /* Debug */,
				BC59A69F2F9B689500966196 /* Release */,
			);
			defaultConfigurationIsVisible = 0;
			defaultConfigurationName = Release;
		};
		BC59A6A02F9B689500966196 /* Build configuration list for PBXNativeTarget "Pannotate-iOS" */ = {
			isa = XCConfigurationList;
			buildConfigurations = (
				BC59A6A12F9B689500966196 /* Debug */,
				BC59A6A22F9B689500966196 /* Release */,
			);
			defaultConfigurationIsVisible = 0;
			defaultConfigurationName = Release;
		};
		BC59A6A32F9B689500966196 /* Build configuration list for PBXNativeTarget "Pannotate-iOSTests" */ = {
			isa = XCConfigurationList;
			buildConfigurations = (
				BC59A6A42F9B689500966196 /* Debug */,
				BC59A6A52F9B689500966196 /* Release */,
			);
			defaultConfigurationIsVisible = 0;
			defaultConfigurationName = Release;
		};
		BC59A6A62F9B689500966196 /* Build configuration list for PBXNativeTarget "Pannotate-iOSUITests" */ = {
			isa = XCConfigurationList;
			buildConfigurations = (
				BC59A6A72F9B689500966196 /* Debug */,
				BC59A6A82F9B689500966196 /* Release */,
			);
			defaultConfigurationIsVisible = 0;
			defaultConfigurationName = Release;
		};
/* End XCConfigurationList section */
	};
	rootObject = BC59A6772F9B689300966196 /* Project object */;
}
